
Microsoft Visual Studio Solution File, Format Version 12.00
# Visual Studio Version 16
VisualStudioVersion = 16.0.31112.23
MinimumVisualStudioVersion = 10.0.40219.1
Project("{FAE04EC0-301F-11D3-BF4B-00C04F79EFBC}") = "TaxiApi", "TaxiApi\TaxiApi.csproj", "{10A84B44-1CAB-4B44-99A1-C83A61B26F8F}"
EndProject
Global
	GlobalSection(SolutionConfigurationPlatforms) = preSolution
		Debug|Any CPU = Debug|Any CPU
		Release|Any CPU = Release|Any CPU
	EndGlobalSection
	GlobalSection(ProjectConfigurationPlatforms) = postSolution
		{10A84B44-1CAB-4B44-99A1-C83A61B26F8F}.Debug|Any CPU.ActiveCfg = Debug|Any CPU
		{10A84B44-1CAB-4B44-99A1-C83A61B26F8F}.Debug|Any CPU.Build.0 = Debug|Any CPU
		{10A84B44-1CAB-4B44-99A1-C83A61B26F8F}.Release|Any CPU.ActiveCfg = Release|Any CPU
		{10A84B44-1CAB-4B44-99A1-C83A61B26F8F}.Release|Any CPU.Build.0 = Release|Any CPU
	EndGlobalSection
	GlobalSection(SolutionProperties) = preSolution
		HideSolutionNode = FALSE
	EndGlobalSection
	GlobalSection(ExtensibilityGlobals) = postSolution
		SolutionGuid = {FBF07234-8A9A-4792-B7CF-6071E851A1ED}
	EndGlobalSection
EndGlobal
